// !$*UTF8*$!
{
	archiveVersion = 1;
	classes = {
	};
	objectVersion = 46;
	objects = {

/* Begin PBXBuildFile section */
		37128B5B1B18EE5600D20400 /* AppDelegate.swift in Sources */ = {isa = PBXBuildFile; fileRef = 37128B5A1B18EE5600D20400 /* AppDelegate.swift */; };
		37128B5D1B18EE5600D20400 /* ViewController.swift in Sources */ = {isa = PBXBuildFile; fileRef = 37128B5C1B18EE5600D20400 /* ViewController.swift */; };
		37128B601B18EE5600D20400 /* Main.storyboard in Resources */ = {isa = PBXBuildFile; fileRef = 37128B5E1B18EE5600D20400 /* Main.storyboard */; };
		37128B621B18EE5600D20400 /* Images.xcassets in Resources */ = {isa = PBXBuildFile; fileRef = 37128B611B18EE5600D20400 /* Images.xcassets */; };
		37128B651B18EE5600D20400 /* LaunchScreen.xib in Resources */ = {isa = PBXBuildFile; fileRef = 37128B631B18EE5600D20400 /* LaunchScreen.xib */; };
		37128B711B18EE5600D20400 /* Swift_Pulse_ReaderTests.swift in Sources */ = {isa = PBXBuildFile; fileRef = 37128B701B18EE5600D20400 /* Swift_Pulse_ReaderTests.swift */; };
		37128B7B1B18EEDA00D20400 /* GraphView.swift in Sources */ = {isa = PBXBuildFile; fileRef = 37128B7A1B18EEDA00D20400 /* GraphView.swift */; };
/* End PBXBuildFile section */

/* Begin PBXContainerItemProxy section */
		37128B6B1B18EE5600D20400 /* PBXContainerItemProxy */ = {
			isa = PBXContainerItemProxy;
			containerPortal = 37128B4D1B18EE5600D20400 /* Project object */;
			proxyType = 1;
			remoteGlobalIDString = 37128B541B18EE5600D20400;
			remoteInfo = "Swift Pulse Reader";
		};
/* End PBXContainerItemProxy section */

/* Begin PBXFileReference section */
		37128B551B18EE5600D20400 /* Swift Pulse Reader.app */ = {isa = PBXFileReference; explicitFileType = wrapper.application; includeInIndex = 0; path = "Swift Pulse Reader.app"; sourceTree = BUILT_PRODUCTS_DIR; };
		37128B591B18EE5600D20400 /* Info.plist */ = {isa = PBXFileReference; lastKnownFileType = text.plist.xml; path = Info.plist; sourceTree = "<group>"; };
		37128B5A1B18EE5600D20400 /* AppDelegate.swift */ = {isa = PBXFileReference; lastKnownFileType = sourcecode.swift; path = AppDelegate.swift; sourceTree = "<group>"; };
		37128B5C1B18EE5600D20400 /* ViewController.swift */ = {isa = PBXFileReference; lastKnownFileType = sourcecode.swift; path = ViewController.swift; sourceTree = "<group>"; };
		37128B5F1B18EE5600D20400 /* Base */ = {isa = PBXFileReference; lastKnownFileType = file.storyboard; name = Base; path = Base.lproj/Main.storyboard; sourceTree = "<group>"; };
		37128B611B18EE5600D20400 /* Images.xcassets */ = {isa = PBXFileReference; lastKnownFileType = folder.assetcatalog; path = Images.xcassets; sourceTree = "<group>"; };
		37128B641B18EE5600D20400 /* Base */ = {isa = PBXFileReference; lastKnownFileType = file.xib; name = Base; path = Base.lproj/LaunchScreen.xib; sourceTree = "<group>"; };
		37128B6A1B18EE5600D20400 /* Swift Pulse ReaderTests.xctest */ = {isa = PBXFileReference; explicitFileType = wrapper.cfbundle; includeInIndex = 0; path = "Swift Pulse ReaderTests.xctest"; sourceTree = BUILT_PRODUCTS_DIR; };
		37128B6F1B18EE5600D20400 /* Info.plist */ = {isa = PBXFileReference; lastKnownFileType = text.plist.xml; path = Info.plist; sourceTree = "<group>"; };
		37128B701B18EE5600D20400 /* Swift_Pulse_ReaderTests.swift */ = {isa = PBXFileReference; lastKnownFileType = sourcecode.swift; path = Swift_Pulse_ReaderTests.swift; sourceTree = "<group>"; };
		37128B7A1B18EEDA00D20400 /* GraphView.swift */ = {isa = PBXFileReference; fileEncoding = 4; lastKnownFileType = sourcecode.swift; path = GraphView.swift; sourceTree = "<group>"; };
/* End PBXFileReference section */

/* Begin PBXFrameworksBuildPhase section */
		37128B521B18EE5600D20400 /* Frameworks */ = {
			isa = PBXFrameworksBuildPhase;
			buildActionMask = 2147483647;
			files = (
			);
			runOnlyForDeploymentPostprocessing = 0;
		};
		37128B671B18EE5600D20400 /* Frameworks */ = {
			isa = PBXFrameworksBuildPhase;
			buildActionMask = 2147483647;
			files = (
			);
			runOnlyForDeploymentPostprocessing = 0;
		};
/* End PBXFrameworksBuildPhase section */

/* Begin PBXGroup section */
		37128B4C1B18EE5600D20400 = {
			isa = PBXGroup;
			children = (
				37128B571B18EE5600D20400 /* Swift Pulse Reader */,
				37128B6D1B18EE5600D20400 /* Swift Pulse ReaderTests */,
				37128B561B18EE5600D20400 /* Products */,
			);
			sourceTree = "<group>";
		};
		37128B561B18EE5600D20400 /* Products */ = {
			isa = PBXGroup;
			children = (
				37128B551B18EE5600D20400 /* Swift Pulse Reader.app */,
				37128B6A1B18EE5600D20400 /* Swift Pulse ReaderTests.xctest */,
			);
			name = Products;
			sourceTree = "<group>";
		};
		37128B571B18EE5600D20400 /* Swift Pulse Reader */ = {
			isa = PBXGroup;
			children = (
				37128B5A1B18EE5600D20400 /* AppDelegate.swift */,
				37128B5C1B18EE5600D20400 /* ViewController.swift */,
				37128B7A1B18EEDA00D20400 /* GraphView.swift */,
				37128B5E1B18EE5600D20400 /* Main.storyboard */,
				37128B611B18EE5600D20400 /* Images.xcassets */,
				37128B631B18EE5600D20400 /* LaunchScreen.xib */,
				37128B581B18EE5600D20400 /* Supporting Files */,
			);
			path = "Swift Pulse Reader";
			sourceTree = "<group>";
		};
		37128B581B18EE5600D20400 /* Supporting Files */ = {
			isa = PBXGroup;
			children = (
				37128B591B18EE5600D20400 /* Info.plist */,
			);
			name = "Supporting Files";
			sourceTree = "<group>";
		};
		37128B6D1B18EE5600D20400 /* Swift Pulse ReaderTests */ = {
			isa = PBXGroup;
			children = (
				37128B701B18EE5600D20400 /* Swift_Pulse_ReaderTests.swift */,
				37128B6E1B18EE5600D20400 /* Supporting Files */,
			);
			path = "Swift Pulse ReaderTests";
			sourceTree = "<group>";
		};
		37128B6E1B18EE5600D20400 /* Supporting Files */ = {
			isa = PBXGroup;
			children = (
				37128B6F1B18EE5600D20400 /* Info.plist */,
			);
			name = "Supporting Files";
			sourceTree = "<group>";
		};
/* End PBXGroup section */

/* Begin PBXNativeTarget section */
		37128B541B18EE5600D20400 /* Swift Pulse Reader */ = {
			isa = PBXNativeTarget;
			buildConfigurationList = 37128B741B18EE5600D20400 /* Build configuration list for PBXNativeTarget "Swift Pulse Reader" */;
			buildPhases = (
				37128B511B18EE5600D20400 /* Sources */,
				37128B521B18EE5600D20400 /* Frameworks */,
				37128B531B18EE5600D20400 /* Resources */,
			);
			buildRules = (
			);
			dependencies = (
			);
			name = "Swift Pulse Reader";
			productName = "Swift Pulse Reader";
			productReference = 37128B551B18EE5600D20400 /* Swift Pulse Reader.app */;
			productType = "com.apple.product-type.application";
		};
		37128B691B18EE5600D20400 /* Swift Pulse ReaderTests */ = {
			isa = PBXNativeTarget;
			buildConfigurationList = 37128B771B18EE5600D20400 /* Build configuration list for PBXNativeTarget "Swift Pulse ReaderTests" */;
			buildPhases = (
				37128B661B18EE5600D20400 /* Sources */,
				37128B671B18EE5600D20400 /* Frameworks */,
				37128B681B18EE5600D20400 /* Resources */,
			);
			buildRules = (
			);
			dependencies = (
				37128B6C1B18EE5600D20400 /* PBXTargetDependency */,
			);
			name = "Swift Pulse ReaderTests";
			productName = "Swift Pulse ReaderTests";
			productReference = 37128B6A1B18EE5600D20400 /* Swift Pulse ReaderTests.xctest */;
			productType = "com.apple.product-type.bundle.unit-test";
		};
/* End PBXNativeTarget section */

/* Begin PBXProject section */
		37128B4D1B18EE5600D20400 /* Project object */ = {
			isa = PBXProject;
			attributes = {
				LastUpgradeCheck = 0630;
				ORGANIZATIONNAME = "TimesToCome Mobile";
				TargetAttributes = {
					37128B541B18EE5600D20400 = {
						CreatedOnToolsVersion = 6.3.1;
					};
					37128B691B18EE5600D20400 = {
						CreatedOnToolsVersion = 6.3.1;
						TestTargetID = 37128B541B18EE5600D20400;
					};
				};
			};
			buildConfigurationList = 37128B501B18EE5600D20400 /* Build configuration list for PBXProject "Swift Pulse Reader" */;
			compatibilityVersion = "Xcode 3.2";
			developmentRegion = English;
			hasScannedForEncodings = 0;
			knownRegions = (
				en,
				Base,
			);
			mainGroup = 37128B4C1B18EE5600D20400;
			productRefGroup = 37128B561B18EE5600D20400 /* Products */;
			projectDirPath = "";
			projectRoot = "";
			targets = (
				37128B541B18EE5600D20400 /* Swift Pulse Reader */,
				37128B691B18EE5600D20400 /* Swift Pulse ReaderTests */,
			);
		};
/* End PBXProject section */

/* Begin PBXResourcesBuildPhase section */
		37128B531B18EE5600D20400 /* Resources */ = {
			isa = PBXResourcesBuildPhase;
			buildActionMask = 2147483647;
			files = (
				37128B601B18EE5600D20400 /* Main.storyboard in Resources */,
				37128B651B18EE5600D20400 /* LaunchScreen.xib in Resources */,
				37128B621B18EE5600D20400 /* Images.xcassets in Resources */,
			);
			runOnlyForDeploymentPostprocessing = 0;
		};
		37128B681B18EE5600D20400 /* Resources */ = {
			isa = PBXResourcesBuildPhase;
			buildActionMask = 2147483647;
			files = (
			);
			runOnlyForDeploymentPostprocessing = 0;
		};
/* End PBXResourcesBuildPhase section */

/* Begin PBXSourcesBuildPhase section */
		37128B511B18EE5600D20400 /* Sources */ = {
			isa = PBXSourcesBuildPhase;
			buildActionMask = 2147483647;
			files = (
				37128B5D1B18EE5600D20400 /* ViewController.swift in Sources */,
				37128B5B1B18EE5600D20400 /* AppDelegate.swift in Sources */,
				37128B7B1B18EEDA00D20400 /* GraphView.swift in Sources */,
			);
			runOnlyForDeploymentPostprocessing = 0;
		};
		37128B661B18EE5600D20400 /* Sources */ = {
			isa = PBXSourcesBuildPhase;
			buildActionMask = 2147483647;
			files = (
				37128B711B18EE5600D20400 /* Swift_Pulse_ReaderTests.swift in Sources */,
			);
			runOnlyForDeploymentPostprocessing = 0;
		};
/* End PBXSourcesBuildPhase section */

/* Begin PBXTargetDependency section */
		37128B6C1B18EE5600D20400 /* PBXTargetDependency */ = {
			isa = PBXTargetDependency;
			target = 37128B541B18EE5600D20400 /* Swift Pulse Reader */;
			targetProxy = 37128B6B1B18EE5600D20400 /* PBXContainerItemProxy */;
		};
/* End PBXTargetDependency section */

/* Begin PBXVariantGroup section */
		37128B5E1B18EE5600D20400 /* Main.storyboard */ = {
			isa = PBXVariantGroup;
			children = (
				37128B5F1B18EE5600D20400 /* Base */,
			);
			name = Main.storyboard;
			sourceTree = "<group>";
		};
		37128B631B18EE5600D20400 /* LaunchScreen.xib */ = {
			isa = PBXVariantGroup;
			children = (
				37128B641B18EE5600D20400 /* Base */,
			);
			name = LaunchScreen.xib;
			sourceTree = "<group>";
		};
/* End PBXVariantGroup section */

/* Begin XCBuildConfiguration section */
		37128B721B18EE5600D20400 /* Debug */ = {
			isa = XCBuildConfiguration;
			buildSettings = {
				ALWAYS_SEARCH_USER_PATHS = NO;
				CLANG_CXX_LANGUAGE_STANDARD = "gnu++0x";
				CLANG_CXX_LIBRARY = "libc++";
				CLANG_ENABLE_MODULES = YES;
				CLANG_ENABLE_OBJC_ARC = YES;
				CLANG_WARN_BOOL_CONVERSION = YES;
				CLANG_WARN_CONSTANT_CONVERSION = YES;
				CLANG_WARN_DIRECT_OBJC_ISA_USAGE = YES_ERROR;
				CLANG_WARN_EMPTY_BODY = YES;
				CLANG_WARN_ENUM_CONVERSION = YES;
				CLANG_WARN_INT_CONVERSION = YES;
				CLANG_WARN_OBJC_ROOT_CLASS = YES_ERROR;
				CLANG_WARN_UNREACHABLE_CODE = YES;
				CLANG_WARN__DUPLICATE_METHOD_MATCH = YES;
				"CODE_SIGN_IDENTITY[sdk=iphoneos*]" = "iPhone Developer";
				COPY_PHASE_STRIP = NO;
				DEBUG_INFORMATION_FORMAT = "dwarf-with-dsym";
				ENABLE_STRICT_OBJC_MSGSEND = YES;
				GCC_C_LANGUAGE_STANDARD = gnu99;
				GCC_DYNAMIC_NO_PIC = NO;
				GCC_NO_COMMON_BLOCKS = YES;
				GCC_OPTIMIZATION_LEVEL = 0;
				GCC_PREPROCESSOR_DEFINITIONS = (
					"DEBUG=1",
					"$(inherited)",
				);
				GCC_SYMBOLS_PRIVATE_EXTERN = NO;
				GCC_WARN_64_TO_32_BIT_CONVERSION = YES;
				GCC_WARN_ABOUT_RETURN_TYPE = YES_ERROR;
				GCC_WARN_UNDECLARED_SELECTOR = YES;
				GCC_WARN_UNINITIALIZED_AUTOS = YES_AGGRESSIVE;
				GCC_WARN_UNUSED_FUNCTION = YES;
				GCC_WARN_UNUSED_VARIABLE = YES;
				IPHONEOS_DEPLOYMENT_TARGET = 8.3;
				MTL_ENABLE_DEBUG_INFO = YES;
				ONLY_ACTIVE_ARCH = YES;
				SDKROOT = iphoneos;
				SWIFT_OPTIMIZATION_LEVEL = "-Onone";
				TARGETED_DEVICE_FAMILY = "1,2";
			};
			name = Debug;
		};
		37128B731B18EE5600D20400 /* Release */ = {
			isa = XCBuildConfiguration;
			buildSettings = {
				ALWAYS_SEARCH_USER_PATHS = NO;
				CLANG_CXX_LANGUAGE_STANDARD = "gnu++0x";
				CLANG_CXX_LIBRARY = "libc++";
				CLANG_ENABLE_MODULES = YES;
				CLANG_ENABLE_OBJC_ARC = YES;
				CLANG_WARN_BOOL_CONVERSION = YES;
				CLANG_WARN_CONSTANT_CONVERSION = YES;
				CLANG_WARN_DIRECT_OBJC_ISA_USAGE = YES_ERROR;
				CLANG_WARN_EMPTY_BODY = YES;
				CLANG_WARN_ENUM_CONVERSION = YES;
				CLANG_WARN_INT_CONVERSION = YES;
				CLANG_WARN_OBJC_ROOT_CLASS = YES_ERROR;
				CLANG_WARN_UNREACHABLE_CODE = YES;
				CLANG_WARN__DUPLICATE_METHOD_MATCH = YES;
				"CODE_SIGN_IDENTITY[sdk=iphoneos*]" = "iPhone Developer";
				COPY_PHASE_STRIP = NO;
				DEBUG_INFORMATION_FORMAT = "dwarf-with-dsym";
				ENABLE_NS_ASSERTIONS = NO;
				ENABLE_STRICT_OBJC_MSGSEND = YES;
				GCC_C_LANGUAGE_STANDARD = gnu99;
				GCC_NO_COMMON_BLOCKS = YES;
				GCC_WARN_64_TO_32_BIT_CONVERSION = YES;
				GCC_WARN_ABOUT_RETURN_TYPE = YES_ERROR;
				GCC_WARN_UNDECLARED_SELECTOR = YES;
				GCC_WARN_UNINITIALIZED_AUTOS = YES_AGGRESSIVE;
				GCC_WARN_UNUSED_FUNCTION = YES;
				GCC_WARN_UNUSED_VARIABLE = YES;
				IPHONEOS_DEPLOYMENT_TARGET = 8.3;
				MTL_ENABLE_DEBUG_INFO = NO;
				SDKROOT = iphoneos;
				TARGETED_DEVICE_FAMILY = "1,2";
				VALIDATE_PRODUCT = YES;
			};
			name = Release;
		};
		37128B751B18EE5600D20400 /* Debug */ = {
			isa = XCBuildConfiguration;
			buildSettings = {
				ASSETCATALOG_COMPILER_APPICON_NAME = AppIcon;
				INFOPLIST_FILE = "Swift Pulse Reader/Info.plist";
				LD_RUNPATH_SEARCH_PATHS = "$(inherited) @executable_path/Frameworks";
				PRODUCT_NAME = "$(TARGET_NAME)";
			};
			name = Debug;
		};
		37128B761B18EE5600D20400 /* Release */ = {
			isa = XCBuildConfiguration;
			buildSettings = {
				ASSETCATALOG_COMPILER_APPICON_NAME = AppIcon;
				INFOPLIST_FILE = "Swift Pulse Reader/Info.plist";
				LD_RUNPATH_SEARCH_PATHS = "$(inherited) @executable_path/Frameworks";
				PRODUCT_NAME = "$(TARGET_NAME)";
			};
			name = Release;
		};
		37128B781B18EE5600D20400 /* Debug */ = {
			isa = XCBuildConfiguration;
			buildSettings = {
				BUNDLE_LOADER = "$(TEST_HOST)";
				FRAMEWORK_SEARCH_PATHS = (
					"$(SDKROOT)/Developer/Library/Frameworks",
					"$(inherited)",
				);
				GCC_PREPROCESSOR_DEFINITIONS = (
					"DEBUG=1",
					"$(inherited)",
				);
				INFOPLIST_FILE = "Swift Pulse ReaderTests/Info.plist";
				LD_RUNPATH_SEARCH_PATHS = "$(inherited) @executable_path/Frameworks @loader_path/Frameworks";
				PRODUCT_NAME = "$(TARGET_NAME)";
				TEST_HOST = "$(BUILT_PRODUCTS_DIR)/Swift Pulse Reader.app/Swift Pulse Reader";
			};
			name = Debug;
		};
		37128B791B18EE5600D20400 /* Release */ = {
			isa = XCBuildConfiguration;
			buildSettings = {
				BUNDLE_LOADER = "$(TEST_HOST)";
				FRAMEWORK_SEARCH_PATHS = (
					"$(SDKROOT)/Developer/Library/Frameworks",
					"$(inherited)",
				);
				INFOPLIST_FILE = "Swift Pulse ReaderTests/Info.plist";
				LD_RUNPATH_SEARCH_PATHS = "$(inherited) @executable_path/Frameworks @loader_path/Frameworks";
				PRODUCT_NAME = "$(TARGET_NAME)";
				TEST_HOST = "$(BUILT_PRODUCTS_DIR)/Swift Pulse Reader.app/Swift Pulse Reader";
			};
			name = Release;
		};
/* End XCBuildConfiguration section */

/* Begin XCConfigurationList section */
		37128B501B18EE5600D20400 /* Build configuration list for PBXProject "Swift Pulse Reader" */ = {
			isa = XCConfigurationList;
			buildConfigurations = (
				37128B721B18EE5600D20400 /* Debug */,
				37128B731B18EE5600D20400 /* Release */,
			);
			defaultConfigurationIsVisible = 0;
			defaultConfigurationName = Release;
		};
		37128B741B18EE5600D20400 /* Build configuration list for PBXNativeTarget "Swift Pulse Reader" */ = {
			isa = XCConfigurationList;
			buildConfigurations = (
				37128B751B18EE5600D20400 /* Debug */,
				37128B761B18EE5600D20400 /* Release */,
			);
			defaultConfigurationIsVisible = 0;
			defaultConfigurationName = Release;
		};
		37128B771B18EE5600D20400 /* Build configuration list for PBXNativeTarget "Swift Pulse ReaderTests" */ = {
			isa = XCConfigurationList;
			buildConfigurations = (
				37128B781B18EE5600D20400 /* Debug */,
				37128B791B18EE5600D20400 /* Release */,
			);
			defaultConfigurationIsVisible = 0;
			defaultConfigurationName = Release;
		};
/* End XCConfigurationList section */
	};
	rootObject = 37128B4D1B18EE5600D20400 /* Project object */;
}
